// !$*UTF8*$!
{
	archiveVersion = 1;
	classes = {
	};
	objectVersion = 48;
	objects = {

/* Begin PBXBuildFile section */
		470D4BDA1F8D9C7800D64E41 /* AppDelegate.swift in Sources */ = {isa = PBXBuildFile; fileRef = 470D4BD91F8D9C7800D64E41 /* AppDelegate.swift */; };
		470D4BDC1F8D9C7800D64E41 /* ViewController.swift in Sources */ = {isa = PBXBuildFile; fileRef = 470D4BDB1F8D9C7800D64E41 /* ViewController.swift */; };
		470D4BDF1F8D9C7800D64E41 /* Main.storyboard in Resources */ = {isa = PBXBuildFile; fileRef = 470D4BDD1F8D9C7800D64E41 /* Main.storyboard */; };
		470D4BE11F8D9C7800D64E41 /* Assets.xcassets in Resources */ = {isa = PBXBuildFile; fileRef = 470D4BE01F8D9C7800D64E41 /* Assets.xcassets */; };
		470D4BE41F8D9C7800D64E41 /* LaunchScreen.storyboard in Resources */ = {isa = PBXBuildFile; fileRef = 470D4BE21F8D9C7800D64E41 /* LaunchScreen.storyboard */; };
		470D4C191F8D9CED00D64E41 /* Interface.storyboard in Resources */ = {isa = PBXBuildFile; fileRef = 470D4C171F8D9CED00D64E41 /* Interface.storyboard */; };
		470D4C1B1F8D9CED00D64E41 /* Assets.xcassets in Resources */ = {isa = PBXBuildFile; fileRef = 470D4C1A1F8D9CED00D64E41 /* Assets.xcassets */; };
		470D4C221F8D9CED00D64E41 /* SpryCareWatchApp Extension.appex in Embed App Extensions */ = {isa = PBXBuildFile; fileRef = 470D4C211F8D9CED00D64E41 /* SpryCareWatchApp Extension.appex */; settings = {ATTRIBUTES = (RemoveHeadersOnCopy, ); }; };
		470D4C271F8D9CED00D64E41 /* InterfaceController.swift in Sources */ = {isa = PBXBuildFile; fileRef = 470D4C261F8D9CED00D64E41 /* InterfaceController.swift */; };
		470D4C291F8D9CED00D64E41 /* ExtensionDelegate.swift in Sources */ = {isa = PBXBuildFile; fileRef = 470D4C281F8D9CED00D64E41 /* ExtensionDelegate.swift */; };
		470D4C2B1F8D9CED00D64E41 /* NotificationController.swift in Sources */ = {isa = PBXBuildFile; fileRef = 470D4C2A1F8D9CED00D64E41 /* NotificationController.swift */; };
		470D4C2D1F8D9CED00D64E41 /* Assets.xcassets in Resources */ = {isa = PBXBuildFile; fileRef = 470D4C2C1F8D9CED00D64E41 /* Assets.xcassets */; };
		470D4C321F8D9CED00D64E41 /* SpryCareWatchApp.app in Embed Watch Content */ = {isa = PBXBuildFile; fileRef = 470D4C151F8D9CED00D64E41 /* SpryCareWatchApp.app */; };
		470D4C3B1F8DD2B100D64E41 /* DataExtraction.swift in Sources */ = {isa = PBXBuildFile; fileRef = 470D4C3A1F8DD2B100D64E41 /* DataExtraction.swift */; };
		470D4C3F1F8DD91B00D64E41 /* HealthKit.framework in Frameworks */ = {isa = PBXBuildFile; fileRef = 470D4C3E1F8DD91B00D64E41 /* HealthKit.framework */; };
		470D4C411F8DD92900D64E41 /* ExternalAccessory.framework in Frameworks */ = {isa = PBXBuildFile; fileRef = 470D4C401F8DD92900D64E41 /* ExternalAccessory.framework */; };
		473FA9711FABD71200000A93 /* HapticReponse.swift in Sources */ = {isa = PBXBuildFile; fileRef = 473FA9701FABD71200000A93 /* HapticReponse.swift */; };
		47C070051FA829D700BD5539 /* FallDetection.swift in Sources */ = {isa = PBXBuildFile; fileRef = 470B01EB1F984C8C0085819B /* FallDetection.swift */; };
		47C070091FA8308300BD5539 /* Location.swift in Sources */ = {isa = PBXBuildFile; fileRef = 47C070081FA8308300BD5539 /* Location.swift */; };
		47C0700B1FA8311100BD5539 /* MapKit.framework in Frameworks */ = {isa = PBXBuildFile; fileRef = 47C0700A1FA8311100BD5539 /* MapKit.framework */; };
		47C0700D1FA8311800BD5539 /* MapKit.framework in Frameworks */ = {isa = PBXBuildFile; fileRef = 47C0700C1FA8311800BD5539 /* MapKit.framework */; };
		47C0700F1FA8312300BD5539 /* HealthKit.framework in Frameworks */ = {isa = PBXBuildFile; fileRef = 47C0700E1FA8312300BD5539 /* HealthKit.framework */; };
/* End PBXBuildFile section */

/* Begin PBXContainerItemProxy section */
		470D4C231F8D9CED00D64E41 /* PBXContainerItemProxy */ = {
			isa = PBXContainerItemProxy;
			containerPortal = 470D4BCE1F8D9C7800D64E41 /* Project object */;
			proxyType = 1;
			remoteGlobalIDString = 470D4C201F8D9CED00D64E41;
			remoteInfo = "SpryCareWatchApp Extension";
		};
		470D4C301F8D9CED00D64E41 /* PBXContainerItemProxy */ = {
			isa = PBXContainerItemProxy;
			containerPortal = 470D4BCE1F8D9C7800D64E41 /* Project object */;
			proxyType = 1;
			remoteGlobalIDString = 470D4C141F8D9CED00D64E41;
			remoteInfo = SpryCareWatchApp;
		};
/* End PBXContainerItemProxy section */

/* Begin PBXCopyFilesBuildPhase section */
		470D4C0F1F8D9C7800D64E41 /* Embed Watch Content */ = {
			isa = PBXCopyFilesBuildPhase;
			buildActionMask = 2147483647;
			dstPath = "$(CONTENTS_FOLDER_PATH)/Watch";
			dstSubfolderSpec = 16;
			files = (
				470D4C321F8D9CED00D64E41 /* SpryCareWatchApp.app in Embed Watch Content */,
			);
			name = "Embed Watch Content";
			runOnlyForDeploymentPostprocessing = 0;
		};
		470D4C361F8D9CED00D64E41 /* Embed App Extensions */ = {
			isa = PBXCopyFilesBuildPhase;
			buildActionMask = 2147483647;
			dstPath = "";
			dstSubfolderSpec = 13;
			files = (
				470D4C221F8D9CED00D64E41 /* SpryCareWatchApp Extension.appex in Embed App Extensions */,
			);
			name = "Embed App Extensions";
			runOnlyForDeploymentPostprocessing = 0;
		};
/* End PBXCopyFilesBuildPhase section */

/* Begin PBXFileReference section */
		470B01EB1F984C8C0085819B /* FallDetection.swift */ = {isa = PBXFileReference; lastKnownFileType = sourcecode.swift; path = FallDetection.swift; sourceTree = "<group>"; };
		470D4BD61F8D9C7800D64E41 /* SpryCareWatch.app */ = {isa = PBXFileReference; explicitFileType = wrapper.application; includeInIndex = 0; path = SpryCareWatch.app; sourceTree = BUILT_PRODUCTS_DIR; };
		470D4BD91F8D9C7800D64E41 /* AppDelegate.swift */ = {isa = PBXFileReference; lastKnownFileType = sourcecode.swift; path = AppDelegate.swift; sourceTree = "<group>"; };
		470D4BDB1F8D9C7800D64E41 /* ViewController.swift */ = {isa = PBXFileReference; lastKnownFileType = sourcecode.swift; path = ViewController.swift; sourceTree = "<group>"; };
		470D4BDE1F8D9C7800D64E41 /* Base */ = {isa = PBXFileReference; lastKnownFileType = file.storyboard; name = Base; path = Base.lproj/Main.storyboard; sourceTree = "<group>"; };
		470D4BE01F8D9C7800D64E41 /* Assets.xcassets */ = {isa = PBXFileReference; lastKnownFileType = folder.assetcatalog; path = Assets.xcassets; sourceTree = "<group>"; };
		470D4BE31F8D9C7800D64E41 /* Base */ = {isa = PBXFileReference; lastKnownFileType = file.storyboard; name = Base; path = Base.lproj/LaunchScreen.storyboard; sourceTree = "<group>"; };
		470D4BE51F8D9C7800D64E41 /* Info.plist */ = {isa = PBXFileReference; lastKnownFileType = text.plist.xml; path = Info.plist; sourceTree = "<group>"; };
		470D4C151F8D9CED00D64E41 /* SpryCareWatchApp.app */ = {isa = PBXFileReference; explicitFileType = wrapper.application; includeInIndex = 0; path = SpryCareWatchApp.app; sourceTree = BUILT_PRODUCTS_DIR; };
		470D4C181F8D9CED00D64E41 /* Base */ = {isa = PBXFileReference; lastKnownFileType = file.storyboard; name = Base; path = Base.lproj/Interface.storyboard; sourceTree = "<group>"; };
		470D4C1A1F8D9CED00D64E41 /* Assets.xcassets */ = {isa = PBXFileReference; lastKnownFileType = folder.assetcatalog; path = Assets.xcassets; sourceTree = "<group>"; };
		470D4C1C1F8D9CED00D64E41 /* Info.plist */ = {isa = PBXFileReference; lastKnownFileType = text.plist.xml; path = Info.plist; sourceTree = "<group>"; };
		470D4C211F8D9CED00D64E41 /* SpryCareWatchApp Extension.appex */ = {isa = PBXFileReference; explicitFileType = "wrapper.app-extension"; includeInIndex = 0; path = "SpryCareWatchApp Extension.appex"; sourceTree = BUILT_PRODUCTS_DIR; };
		470D4C261F8D9CED00D64E41 /* InterfaceController.swift */ = {isa = PBXFileReference; lastKnownFileType = sourcecode.swift; path = InterfaceController.swift; sourceTree = "<group>"; };
		470D4C281F8D9CED00D64E41 /* ExtensionDelegate.swift */ = {isa = PBXFileReference; lastKnownFileType = sourcecode.swift; path = ExtensionDelegate.swift; sourceTree = "<group>"; };
		470D4C2A1F8D9CED00D64E41 /* NotificationController.swift */ = {isa = PBXFileReference; lastKnownFileType = sourcecode.swift; path = NotificationController.swift; sourceTree = "<group>"; };
		470D4C2C1F8D9CED00D64E41 /* Assets.xcassets */ = {isa = PBXFileReference; lastKnownFileType = folder.assetcatalog; path = Assets.xcassets; sourceTree = "<group>"; };
		470D4C2E1F8D9CED00D64E41 /* Info.plist */ = {isa = PBXFileReference; lastKnownFileType = text.plist.xml; path = Info.plist; sourceTree = "<group>"; };
		470D4C2F1F8D9CED00D64E41 /* PushNotificationPayload.apns */ = {isa = PBXFileReference; lastKnownFileType = text; path = PushNotificationPayload.apns; sourceTree = "<group>"; };
		470D4C3A1F8DD2B100D64E41 /* DataExtraction.swift */ = {isa = PBXFileReference; lastKnownFileType = sourcecode.swift; path = DataExtraction.swift; sourceTree = "<group>"; };
		470D4C3C1F8DD91A00D64E41 /* SpryCareWatch.entitlements */ = {isa = PBXFileReference; lastKnownFileType = text.plist.entitlements; path = SpryCareWatch.entitlements; sourceTree = "<group>"; };
		470D4C3E1F8DD91B00D64E41 /* HealthKit.framework */ = {isa = PBXFileReference; lastKnownFileType = wrapper.framework; name = HealthKit.framework; path = System/Library/Frameworks/HealthKit.framework; sourceTree = SDKROOT; };
		470D4C401F8DD92900D64E41 /* ExternalAccessory.framework */ = {isa = PBXFileReference; lastKnownFileType = wrapper.framework; name = ExternalAccessory.framework; path = System/Library/Frameworks/ExternalAccessory.framework; sourceTree = SDKROOT; };
		473FA9701FABD71200000A93 /* HapticReponse.swift */ = {isa = PBXFileReference; lastKnownFileType = sourcecode.swift; path = HapticReponse.swift; sourceTree = "<group>"; };
		47C070081FA8308300BD5539 /* Location.swift */ = {isa = PBXFileReference; lastKnownFileType = sourcecode.swift; path = Location.swift; sourceTree = "<group>"; };
		47C0700A1FA8311100BD5539 /* MapKit.framework */ = {isa = PBXFileReference; lastKnownFileType = wrapper.framework; name = MapKit.framework; path = System/Library/Frameworks/MapKit.framework; sourceTree = SDKROOT; };
		47C0700C1FA8311800BD5539 /* MapKit.framework */ = {isa = PBXFileReference; lastKnownFileType = wrapper.framework; name = MapKit.framework; path = Platforms/WatchOS.platform/Developer/SDKs/WatchOS4.0.sdk/System/Library/Frameworks/MapKit.framework; sourceTree = DEVELOPER_DIR; };
		47C0700E1FA8312300BD5539 /* HealthKit.framework */ = {isa = PBXFileReference; lastKnownFileType = wrapper.framework; name = HealthKit.framework; path = Platforms/WatchOS.platform/Developer/SDKs/WatchOS4.0.sdk/System/Library/Frameworks/HealthKit.framework; sourceTree = DEVELOPER_DIR; };
		47C070101FA8312300BD5539 /* SpryCareWatchApp Extension.entitlements */ = {isa = PBXFileReference; lastKnownFileType = text.plist.entitlements; path = "SpryCareWatchApp Extension.entitlements"; sourceTree = "<group>"; };
/* End PBXFileReference section */

/* Begin PBXFrameworksBuildPhase section */
		470D4BD31F8D9C7800D64E41 /* Frameworks */ = {
			isa = PBXFrameworksBuildPhase;
			buildActionMask = 2147483647;
			files = (
				470D4C411F8DD92900D64E41 /* ExternalAccessory.framework in Frameworks */,
				47C0700B1FA8311100BD5539 /* MapKit.framework in Frameworks */,
				470D4C3F1F8DD91B00D64E41 /* HealthKit.framework in Frameworks */,
			);
			runOnlyForDeploymentPostprocessing = 0;
		};
		470D4C1E1F8D9CED00D64E41 /* Frameworks */ = {
			isa = PBXFrameworksBuildPhase;
			buildActionMask = 2147483647;
			files = (
				47C0700D1FA8311800BD5539 /* MapKit.framework in Frameworks */,
				47C0700F1FA8312300BD5539 /* HealthKit.framework in Frameworks */,
			);
			runOnlyForDeploymentPostprocessing = 0;
		};
/* End PBXFrameworksBuildPhase section */

/* Begin PBXGroup section */
		470D4BCD1F8D9C7800D64E41 = {
			isa = PBXGroup;
			children = (
				470D4BD81F8D9C7800D64E41 /* SpryCareWatch */,
				470D4C161F8D9CED00D64E41 /* SpryCareWatchApp */,
				470D4C251F8D9CED00D64E41 /* SpryCareWatchApp Extension */,
				470D4BD71F8D9C7800D64E41 /* Products */,
				470D4C3D1F8DD91B00D64E41 /* Frameworks */,
			);
			sourceTree = "<group>";
		};
		470D4BD71F8D9C7800D64E41 /* Products */ = {
			isa = PBXGroup;
			children = (
				470D4BD61F8D9C7800D64E41 /* SpryCareWatch.app */,
				470D4C151F8D9CED00D64E41 /* SpryCareWatchApp.app */,
				470D4C211F8D9CED00D64E41 /* SpryCareWatchApp Extension.appex */,
			);
			name = Products;
			sourceTree = "<group>";
		};
		470D4BD81F8D9C7800D64E41 /* SpryCareWatch */ = {
			isa = PBXGroup;
			children = (
				470D4C3C1F8DD91A00D64E41 /* SpryCareWatch.entitlements */,
				470D4BD91F8D9C7800D64E41 /* AppDelegate.swift */,
				470D4BDB1F8D9C7800D64E41 /* ViewController.swift */,
				470D4C3A1F8DD2B100D64E41 /* DataExtraction.swift */,
				470D4BDD1F8D9C7800D64E41 /* Main.storyboard */,
				470D4BE01F8D9C7800D64E41 /* Assets.xcassets */,
				470D4BE21F8D9C7800D64E41 /* LaunchScreen.storyboard */,
				470D4BE51F8D9C7800D64E41 /* Info.plist */,
			);
			path = SpryCareWatch;
			sourceTree = "<group>";
		};
		470D4C161F8D9CED00D64E41 /* SpryCareWatchApp */ = {
			isa = PBXGroup;
			children = (
				470D4C171F8D9CED00D64E41 /* Interface.storyboard */,
				470D4C1A1F8D9CED00D64E41 /* Assets.xcassets */,
				470D4C1C1F8D9CED00D64E41 /* Info.plist */,
			);
			path = SpryCareWatchApp;
			sourceTree = "<group>";
		};
		470D4C251F8D9CED00D64E41 /* SpryCareWatchApp Extension */ = {
			isa = PBXGroup;
			children = (
				47C070101FA8312300BD5539 /* SpryCareWatchApp Extension.entitlements */,
				470B01EB1F984C8C0085819B /* FallDetection.swift */,
				47C070081FA8308300BD5539 /* Location.swift */,
				470D4C261F8D9CED00D64E41 /* InterfaceController.swift */,
				470D4C281F8D9CED00D64E41 /* ExtensionDelegate.swift */,
				470D4C2A1F8D9CED00D64E41 /* NotificationController.swift */,
				470D4C2C1F8D9CED00D64E41 /* Assets.xcassets */,
				470D4C2E1F8D9CED00D64E41 /* Info.plist */,
				470D4C2F1F8D9CED00D64E41 /* PushNotificationPayload.apns */,
				473FA9701FABD71200000A93 /* HapticReponse.swift */,
			);
			path = "SpryCareWatchApp Extension";
			sourceTree = "<group>";
		};
		470D4C3D1F8DD91B00D64E41 /* Frameworks */ = {
			isa = PBXGroup;
			children = (
				47C0700E1FA8312300BD5539 /* HealthKit.framework */,
				47C0700C1FA8311800BD5539 /* MapKit.framework */,
				47C0700A1FA8311100BD5539 /* MapKit.framework */,
				470D4C401F8DD92900D64E41 /* ExternalAccessory.framework */,
				470D4C3E1F8DD91B00D64E41 /* HealthKit.framework */,
			);
			name = Frameworks;
			sourceTree = "<group>";
		};
/* End PBXGroup section */

/* Begin PBXNativeTarget section */
		470D4BD51F8D9C7800D64E41 /* SpryCareWatch */ = {
			isa = PBXNativeTarget;
			buildConfigurationList = 470D4C101F8D9C7800D64E41 /* Build configuration list for PBXNativeTarget "SpryCareWatch" */;
			buildPhases = (
				470D4BD21F8D9C7800D64E41 /* Sources */,
				470D4BD31F8D9C7800D64E41 /* Frameworks */,
				470D4BD41F8D9C7800D64E41 /* Resources */,
				470D4C0F1F8D9C7800D64E41 /* Embed Watch Content */,
			);
			buildRules = (
			);
			dependencies = (
				470D4C311F8D9CED00D64E41 /* PBXTargetDependency */,
			);
			name = SpryCareWatch;
			productName = SpryCareWatch;
			productReference = 470D4BD61F8D9C7800D64E41 /* SpryCareWatch.app */;
			productType = "com.apple.product-type.application";
		};
		470D4C141F8D9CED00D64E41 /* SpryCareWatchApp */ = {
			isa = PBXNativeTarget;
			buildConfigurationList = 470D4C371F8D9CED00D64E41 /* Build configuration list for PBXNativeTarget "SpryCareWatchApp" */;
			buildPhases = (
				470D4C131F8D9CED00D64E41 /* Resources */,
				470D4C361F8D9CED00D64E41 /* Embed App Extensions */,
			);
			buildRules = (
			);
			dependencies = (
				470D4C241F8D9CED00D64E41 /* PBXTargetDependency */,
			);
			name = SpryCareWatchApp;
			productName = SpryCareWatchApp;
			productReference = 470D4C151F8D9CED00D64E41 /* SpryCareWatchApp.app */;
			productType = "com.apple.product-type.application.watchapp2";
		};
		470D4C201F8D9CED00D64E41 /* SpryCareWatchApp Extension */ = {
			isa = PBXNativeTarget;
			buildConfigurationList = 470D4C331F8D9CED00D64E41 /* Build configuration list for PBXNativeTarget "SpryCareWatchApp Extension" */;
			buildPhases = (
				470D4C1D1F8D9CED00D64E41 /* Sources */,
				470D4C1E1F8D9CED00D64E41 /* Frameworks */,
				470D4C1F1F8D9CED00D64E41 /* Resources */,
			);
			buildRules = (
			);
			dependencies = (
			);
			name = "SpryCareWatchApp Extension";
			productName = "SpryCareWatchApp Extension";
			productReference = 470D4C211F8D9CED00D64E41 /* SpryCareWatchApp Extension.appex */;
			productType = "com.apple.product-type.watchkit2-extension";
		};
/* End PBXNativeTarget section */

/* Begin PBXProject section */
		470D4BCE1F8D9C7800D64E41 /* Project object */ = {
			isa = PBXProject;
			attributes = {
				LastSwiftUpdateCheck = 0900;
				LastUpgradeCheck = 0900;
				ORGANIZATIONNAME = "Dylan Sellers";
				TargetAttributes = {
					470D4BD51F8D9C7800D64E41 = {
						CreatedOnToolsVersion = 9.0;
						ProvisioningStyle = Automatic;
						SystemCapabilities = {
							com.apple.BackgroundModes = {
								enabled = 1;
							};
							com.apple.HealthKit = {
								enabled = 1;
							};
							com.apple.Maps.iOS = {
								enabled = 1;
							};
							com.apple.WAC = {
								enabled = 1;
							};
						};
					};
					470D4C141F8D9CED00D64E41 = {
						CreatedOnToolsVersion = 9.0;
						ProvisioningStyle = Automatic;
					};
					470D4C201F8D9CED00D64E41 = {
						CreatedOnToolsVersion = 9.0;
						ProvisioningStyle = Automatic;
						SystemCapabilities = {
							com.apple.BackgroundModes.watchos.extension = {
								enabled = 1;
							};
							com.apple.HealthKit.watchos = {
								enabled = 1;
							};
							com.apple.Maps.iOS = {
								enabled = 1;
							};
						};
					};
				};
			};
			buildConfigurationList = 470D4BD11F8D9C7800D64E41 /* Build configuration list for PBXProject "SpryCareWatch" */;
			compatibilityVersion = "Xcode 8.0";
			developmentRegion = en;
			hasScannedForEncodings = 0;
			knownRegions = (
				en,
				Base,
			);
			mainGroup = 470D4BCD1F8D9C7800D64E41;
			productRefGroup = 470D4BD71F8D9C7800D64E41 /* Products */;
			projectDirPath = "";
			projectRoot = "";
			targets = (
				470D4BD51F8D9C7800D64E41 /* SpryCareWatch */,
				470D4C141F8D9CED00D64E41 /* SpryCareWatchApp */,
				470D4C201F8D9CED00D64E41 /* SpryCareWatchApp Extension */,
			);
		};
/* End PBXProject section */

/* Begin PBXResourcesBuildPhase section */
		470D4BD41F8D9C7800D64E41 /* Resources */ = {
			isa = PBXResourcesBuildPhase;
			buildActionMask = 2147483647;
			files = (
				470D4BE41F8D9C7800D64E41 /* LaunchScreen.storyboard in Resources */,
				470D4BE11F8D9C7800D64E41 /* Assets.xcassets in Resources */,
				470D4BDF1F8D9C7800D64E41 /* Main.storyboard in Resources */,
			);
			runOnlyForDeploymentPostprocessing = 0;
		};
		470D4C131F8D9CED00D64E41 /* Resources */ = {
			isa = PBXResourcesBuildPhase;
			buildActionMask = 2147483647;
			files = (
				470D4C1B1F8D9CED00D64E41 /* Assets.xcassets in Resources */,
				470D4C191F8D9CED00D64E41 /* Interface.storyboard in Resources */,
			);
			runOnlyForDeploymentPostprocessing = 0;
		};
		470D4C1F1F8D9CED00D64E41 /* Resources */ = {
			isa = PBXResourcesBuildPhase;
			buildActionMask = 2147483647;
			files = (
				470D4C2D1F8D9CED00D64E41 /* Assets.xcassets in Resources */,
			);
			runOnlyForDeploymentPostprocessing = 0;
		};
/* End PBXResourcesBuildPhase section */

/* Begin PBXSourcesBuildPhase section */
		470D4BD21F8D9C7800D64E41 /* Sources */ = {
			isa = PBXSourcesBuildPhase;
			buildActionMask = 2147483647;
			files = (
				470D4C3B1F8DD2B100D64E41 /* DataExtraction.swift in Sources */,
				470D4BDC1F8D9C7800D64E41 /* ViewController.swift in Sources */,
				470D4BDA1F8D9C7800D64E41 /* AppDelegate.swift in Sources */,
			);
			runOnlyForDeploymentPostprocessing = 0;
		};
		470D4C1D1F8D9CED00D64E41 /* Sources */ = {
			isa = PBXSourcesBuildPhase;
			buildActionMask = 2147483647;
			files = (
				47C070051FA829D700BD5539 /* FallDetection.swift in Sources */,
				470D4C2B1F8D9CED00D64E41 /* NotificationController.swift in Sources */,
				47C070091FA8308300BD5539 /* Location.swift in Sources */,
				473FA9711FABD71200000A93 /* HapticReponse.swift in Sources */,
				470D4C291F8D9CED00D64E41 /* ExtensionDelegate.swift in Sources */,
				470D4C271F8D9CED00D64E41 /* InterfaceController.swift in Sources */,
			);
			runOnlyForDeploymentPostprocessing = 0;
		};
/* End PBXSourcesBuildPhase section */

/* Begin PBXTargetDependency section */
		470D4C241F8D9CED00D64E41 /* PBXTargetDependency */ = {
			isa = PBXTargetDependency;
			target = 470D4C201F8D9CED00D64E41 /* SpryCareWatchApp Extension */;
			targetProxy = 470D4C231F8D9CED00D64E41 /* PBXContainerItemProxy */;
		};
		470D4C311F8D9CED00D64E41 /* PBXTargetDependency */ = {
			isa = PBXTargetDependency;
			target = 470D4C141F8D9CED00D64E41 /* SpryCareWatchApp */;
			targetProxy = 470D4C301F8D9CED00D64E41 /* PBXContainerItemProxy */;
		};
/* End PBXTargetDependency section */

/* Begin PBXVariantGroup section */
		470D4BDD1F8D9C7800D64E41 /* Main.storyboard */ = {
			isa = PBXVariantGroup;
			children = (
				470D4BDE1F8D9C7800D64E41 /* Base */,
			);
			name = Main.storyboard;
			sourceTree = "<group>";
		};
		470D4BE21F8D9C7800D64E41 /* LaunchScreen.storyboard */ = {
			isa = PBXVariantGroup;
			children = (
				470D4BE31F8D9C7800D64E41 /* Base */,
			);
			name = LaunchScreen.storyboard;
			sourceTree = "<group>";
		};
		470D4C171F8D9CED00D64E41 /* Interface.storyboard */ = {
			isa = PBXVariantGroup;
			children = (
				470D4C181F8D9CED00D64E41 /* Base */,
			);
			name = Interface.storyboard;
			sourceTree = "<group>";
		};
/* End PBXVariantGroup section */

/* Begin XCBuildConfiguration section */
		470D4C061F8D9C7800D64E41 /* Debug */ = {
			isa = XCBuildConfiguration;
			buildSettings = {
				ALWAYS_SEARCH_USER_PATHS = NO;
				CLANG_ANALYZER_NONNULL = YES;
				CLANG_ANALYZER_NUMBER_OBJECT_CONVERSION = YES_AGGRESSIVE;
				CLANG_CXX_LANGUAGE_STANDARD = "gnu++14";
				CLANG_CXX_LIBRARY = "libc++";
				CLANG_ENABLE_MODULES = YES;
				CLANG_ENABLE_OBJC_ARC = YES;
				CLANG_WARN_BLOCK_CAPTURE_AUTORELEASING = YES;
				CLANG_WARN_BOOL_CONVERSION = YES;
				CLANG_WARN_COMMA = YES;
				CLANG_WARN_CONSTANT_CONVERSION = YES;
				CLANG_WARN_DIRECT_OBJC_ISA_USAGE = YES_ERROR;
				CLANG_WARN_DOCUMENTATION_COMMENTS = YES;
				CLANG_WARN_EMPTY_BODY = YES;
				CLANG_WARN_ENUM_CONVERSION = YES;
				CLANG_WARN_INFINITE_RECURSION = YES;
				CLANG_WARN_INT_CONVERSION = YES;
				CLANG_WARN_NON_LITERAL_NULL_CONVERSION = YES;
				CLANG_WARN_OBJC_LITERAL_CONVERSION = YES;
				CLANG_WARN_OBJC_ROOT_CLASS = YES_ERROR;
				CLANG_WARN_RANGE_LOOP_ANALYSIS = YES;
				CLANG_WARN_STRICT_PROTOTYPES = YES;
				CLANG_WARN_SUSPICIOUS_MOVE = YES;
				CLANG_WARN_UNGUARDED_AVAILABILITY = YES_AGGRESSIVE;
				CLANG_WARN_UNREACHABLE_CODE = YES;
				CLANG_WARN__DUPLICATE_METHOD_MATCH = YES;
				CODE_SIGN_IDENTITY = "iPhone Developer: dylan.sellers@hotmail.com (795D9NAQC9)";
				COPY_PHASE_STRIP = NO;
				DEBUG_INFORMATION_FORMAT = dwarf;
				ENABLE_STRICT_OBJC_MSGSEND = YES;
				ENABLE_TESTABILITY = YES;
				GCC_C_LANGUAGE_STANDARD = gnu11;
				GCC_DYNAMIC_NO_PIC = NO;
				GCC_NO_COMMON_BLOCKS = YES;
				GCC_OPTIMIZATION_LEVEL = 0;
				GCC_PREPROCESSOR_DEFINITIONS = (
					"DEBUG=1",
					"$(inherited)",
				);
				GCC_WARN_64_TO_32_BIT_CONVERSION = YES;
				GCC_WARN_ABOUT_RETURN_TYPE = YES_ERROR;
				GCC_WARN_UNDECLARED_SELECTOR = YES;
				GCC_WARN_UNINITIALIZED_AUTOS = YES_AGGRESSIVE;
				GCC_WARN_UNUSED_FUNCTION = YES;
				GCC_WARN_UNUSED_VARIABLE = YES;
				IPHONEOS_DEPLOYMENT_TARGET = 11.0;
				MTL_ENABLE_DEBUG_INFO = YES;
				ONLY_ACTIVE_ARCH = YES;
				SDKROOT = iphoneos;
				SWIFT_ACTIVE_COMPILATION_CONDITIONS = DEBUG;
				SWIFT_OPTIMIZATION_LEVEL = "-Onone";
			};
			name = Debug;
		};
		470D4C071F8D9C7800D64E41 /* Release */ = {
			isa = XCBuildConfiguration;
			buildSettings = {
				ALWAYS_SEARCH_USER_PATHS = NO;
				CLANG_ANALYZER_NONNULL = YES;
				CLANG_ANALYZER_NUMBER_OBJECT_CONVERSION = YES_AGGRESSIVE;
				CLANG_CXX_LANGUAGE_STANDARD = "gnu++14";
				CLANG_CXX_LIBRARY = "libc++";
				CLANG_ENABLE_MODULES = YES;
				CLANG_ENABLE_OBJC_ARC = YES;
				CLANG_WARN_BLOCK_CAPTURE_AUTORELEASING = YES;
				CLANG_WARN_BOOL_CONVERSION = YES;
				CLANG_WARN_COMMA = YES;
				CLANG_WARN_CONSTANT_CONVERSION = YES;
				CLANG_WARN_DIRECT_OBJC_ISA_USAGE = YES_ERROR;
				CLANG_WARN_DOCUMENTATION_COMMENTS = YES;
				CLANG_WARN_EMPTY_BODY = YES;
				CLANG_WARN_ENUM_CONVERSION = YES;
				CLANG_WARN_INFINITE_RECURSION = YES;
				CLANG_WARN_INT_CONVERSION = YES;
				CLANG_WARN_NON_LITERAL_NULL_CONVERSION = YES;
				CLANG_WARN_OBJC_LITERAL_CONVERSION = YES;
				CLANG_WARN_OBJC_ROOT_CLASS = YES_ERROR;
				CLANG_WARN_RANGE_LOOP_ANALYSIS = YES;
				CLANG_WARN_STRICT_PROTOTYPES = YES;
				CLANG_WARN_SUSPICIOUS_MOVE = YES;
				CLANG_WARN_UNGUARDED_AVAILABILITY = YES_AGGRESSIVE;
				CLANG_WARN_UNREACHABLE_CODE = YES;
				CLANG_WARN__DUPLICATE_METHOD_MATCH = YES;
				CODE_SIGN_IDENTITY = "iPhone Developer: dylan.sellers@hotmail.com (795D9NAQC9)";
				COPY_PHASE_STRIP = NO;
				DEBUG_INFORMATION_FORMAT = "dwarf-with-dsym";
				ENABLE_NS_ASSERTIONS = NO;
				ENABLE_STRICT_OBJC_MSGSEND = YES;
				GCC_C_LANGUAGE_STANDARD = gnu11;
				GCC_NO_COMMON_BLOCKS = YES;
				GCC_WARN_64_TO_32_BIT_CONVERSION = YES;
				GCC_WARN_ABOUT_RETURN_TYPE = YES_ERROR;
				GCC_WARN_UNDECLARED_SELECTOR = YES;
				GCC_WARN_UNINITIALIZED_AUTOS = YES_AGGRESSIVE;
				GCC_WARN_UNUSED_FUNCTION = YES;
				GCC_WARN_UNUSED_VARIABLE = YES;
				IPHONEOS_DEPLOYMENT_TARGET = 11.0;
				MTL_ENABLE_DEBUG_INFO = NO;
				SDKROOT = iphoneos;
				SWIFT_OPTIMIZATION_LEVEL = "-Owholemodule";
				VALIDATE_PRODUCT = YES;
			};
			name = Release;
		};
		470D4C111F8D9C7800D64E41 /* Debug */ = {
			isa = XCBuildConfiguration;
			buildSettings = {
				ASSETCATALOG_COMPILER_APPICON_NAME = AppIcon;
				CODE_SIGN_ENTITLEMENTS = SpryCareWatch/SpryCareWatch.entitlements;
				"CODE_SIGN_IDENTITY[sdk=iphoneos*]" = "iPhone Developer";
				CODE_SIGN_STYLE = Automatic;
				DEVELOPMENT_TEAM = YF6G43DQT4;
				INFOPLIST_FILE = SpryCareWatch/Info.plist;
				LD_RUNPATH_SEARCH_PATHS = "$(inherited) @executable_path/Frameworks";
				PRODUCT_BUNDLE_IDENTIFIER = SpryCare.SpryCareWatch;
				PRODUCT_NAME = "$(TARGET_NAME)";
				PROVISIONING_PROFILE_SPECIFIER = "";
				SWIFT_VERSION = 4.0;
				TARGETED_DEVICE_FAMILY = "1,2";
			};
			name = Debug;
		};
		470D4C121F8D9C7800D64E41 /* Release */ = {
			isa = XCBuildConfiguration;
			buildSettings = {
				ASSETCATALOG_COMPILER_APPICON_NAME = AppIcon;
				CODE_SIGN_ENTITLEMENTS = SpryCareWatch/SpryCareWatch.entitlements;
				"CODE_SIGN_IDENTITY[sdk=iphoneos*]" = "iPhone Developer";
				CODE_SIGN_STYLE = Automatic;
				DEVELOPMENT_TEAM = YF6G43DQT4;
				INFOPLIST_FILE = SpryCareWatch/Info.plist;
				LD_RUNPATH_SEARCH_PATHS = "$(inherited) @executable_path/Frameworks";
				PRODUCT_BUNDLE_IDENTIFIER = SpryCare.SpryCareWatch;
				PRODUCT_NAME = "$(TARGET_NAME)";
				PROVISIONING_PROFILE_SPECIFIER = "";
				SWIFT_VERSION = 4.0;
				TARGETED_DEVICE_FAMILY = "1,2";
			};
			name = Release;
		};
		470D4C341F8D9CED00D64E41 /* Debug */ = {
			isa = XCBuildConfiguration;
			buildSettings = {
				ASSETCATALOG_COMPILER_COMPLICATION_NAME = Complication;
				CODE_SIGN_ENTITLEMENTS = "SpryCareWatchApp Extension/SpryCareWatchApp Extension.entitlements";
				"CODE_SIGN_IDENTITY[sdk=watchos*]" = "iPhone Developer";
				CODE_SIGN_STYLE = Automatic;
				DEVELOPMENT_TEAM = YF6G43DQT4;
				INFOPLIST_FILE = "SpryCareWatchApp Extension/Info.plist";
				LD_RUNPATH_SEARCH_PATHS = "$(inherited) @executable_path/Frameworks @executable_path/../../Frameworks";
				PRODUCT_BUNDLE_IDENTIFIER = SpryCare.SpryCareWatch.watchkitapp.watchkitextension;
				PRODUCT_NAME = "${TARGET_NAME}";
				PROVISIONING_PROFILE_SPECIFIER = "";
				SDKROOT = watchos;
				SKIP_INSTALL = YES;
				SWIFT_VERSION = 4.0;
				TARGETED_DEVICE_FAMILY = 4;
				WATCHOS_DEPLOYMENT_TARGET = 4.0;
			};
			name = Debug;
		};
		470D4C351F8D9CED00D64E41 /* Release */ = {
			isa = XCBuildConfiguration;
			buildSettings = {
				ASSETCATALOG_COMPILER_COMPLICATION_NAME = Complication;
				CODE_SIGN_ENTITLEMENTS = "SpryCareWatchApp Extension/SpryCareWatchApp Extension.entitlements";
				"CODE_SIGN_IDENTITY[sdk=watchos*]" = "iPhone Developer";
				CODE_SIGN_STYLE = Automatic;
				DEVELOPMENT_TEAM = YF6G43DQT4;
				INFOPLIST_FILE = "SpryCareWatchApp Extension/Info.plist";
				LD_RUNPATH_SEARCH_PATHS = "$(inherited) @executable_path/Frameworks @executable_path/../../Frameworks";
				PRODUCT_BUNDLE_IDENTIFIER = SpryCare.SpryCareWatch.watchkitapp.watchkitextension;
				PRODUCT_NAME = "${TARGET_NAME}";
				PROVISIONING_PROFILE_SPECIFIER = "";
				SDKROOT = watchos;
				SKIP_INSTALL = YES;
				SWIFT_VERSION = 4.0;
				TARGETED_DEVICE_FAMILY = 4;
				WATCHOS_DEPLOYMENT_TARGET = 4.0;
			};
			name = Release;
		};
		470D4C381F8D9CED00D64E41 /* Debug */ = {
			isa = XCBuildConfiguration;
			buildSettings = {
				ALWAYS_EMBED_SWIFT_STANDARD_LIBRARIES = YES;
				ASSETCATALOG_COMPILER_APPICON_NAME = AppIcon;
				"CODE_SIGN_IDENTITY[sdk=watchos*]" = "iPhone Developer";
				CODE_SIGN_STYLE = Automatic;
				DEVELOPMENT_TEAM = YF6G43DQT4;
				IBSC_MODULE = SpryCareWatchApp_Extension;
				INFOPLIST_FILE = SpryCareWatchApp/Info.plist;
				PRODUCT_BUNDLE_IDENTIFIER = SpryCare.SpryCareWatch.watchkitapp;
				PRODUCT_NAME = "$(TARGET_NAME)";
				PROVISIONING_PROFILE_SPECIFIER = "";
				SDKROOT = watchos;
				SKIP_INSTALL = YES;
				SWIFT_VERSION = 4.0;
				TARGETED_DEVICE_FAMILY = 4;
				WATCHOS_DEPLOYMENT_TARGET = 4.0;
			};
			name = Debug;
		};
		470D4C391F8D9CED00D64E41 /* Release */ = {
			isa = XCBuildConfiguration;
			buildSettings = {
				ALWAYS_EMBED_SWIFT_STANDARD_LIBRARIES = YES;
				ASSETCATALOG_COMPILER_APPICON_NAME = AppIcon;
				"CODE_SIGN_IDENTITY[sdk=watchos*]" = "iPhone Developer";
				CODE_SIGN_STYLE = Automatic;
				DEVELOPMENT_TEAM = YF6G43DQT4;
				IBSC_MODULE = SpryCareWatchApp_Extension;
				INFOPLIST_FILE = SpryCareWatchApp/Info.plist;
				PRODUCT_BUNDLE_IDENTIFIER = SpryCare.SpryCareWatch.watchkitapp;
				PRODUCT_NAME = "$(TARGET_NAME)";
				PROVISIONING_PROFILE_SPECIFIER = "";
				SDKROOT = watchos;
				SKIP_INSTALL = YES;
				SWIFT_VERSION = 4.0;
				TARGETED_DEVICE_FAMILY = 4;
				WATCHOS_DEPLOYMENT_TARGET = 4.0;
			};
			name = Release;
		};
/* End XCBuildConfiguration section */

/* Begin XCConfigurationList section */
		470D4BD11F8D9C7800D64E41 /* Build configuration list for PBXProject "SpryCareWatch" */ = {
			isa = XCConfigurationList;
			buildConfigurations = (
				470D4C061F8D9C7800D64E41 /* Debug */,
				470D4C071F8D9C7800D64E41 /* Release */,
			);
			defaultConfigurationIsVisible = 0;
			defaultConfigurationName = Release;
		};
		470D4C101F8D9C7800D64E41 /* Build configuration list for PBXNativeTarget "SpryCareWatch" */ = {
			isa = XCConfigurationList;
			buildConfigurations = (
				470D4C111F8D9C7800D64E41 /* Debug */,
				470D4C121F8D9C7800D64E41 /* Release */,
			);
			defaultConfigurationIsVisible = 0;
			defaultConfigurationName = Release;
		};
		470D4C331F8D9CED00D64E41 /* Build configuration list for PBXNativeTarget "SpryCareWatchApp Extension" */ = {
			isa = XCConfigurationList;
			buildConfigurations = (
				470D4C341F8D9CED00D64E41 /* Debug */,
				470D4C351F8D9CED00D64E41 /* Release */,
			);
			defaultConfigurationIsVisible = 0;
			defaultConfigurationName = Release;
		};
		470D4C371F8D9CED00D64E41 /* Build configuration list for PBXNativeTarget "SpryCareWatchApp" */ = {
			isa = XCConfigurationList;
			buildConfigurations = (
				470D4C381F8D9CED00D64E41 /* Debug */,
				470D4C391F8D9CED00D64E41 /* Release */,
			);
			defaultConfigurationIsVisible = 0;
			defaultConfigurationName = Release;
		};
/* End XCConfigurationList section */
	};
	rootObject = 470D4BCE1F8D9C7800D64E41 /* Project object */;
}
